
Microsoft Visual Studio Solution File, Format Version 12.00
# Visual Studio Version 17
VisualStudioVersion = 17.0.31410.414
MinimumVisualStudioVersion = 10.0.40219.1
Project("{2150E333-8FDC-42A3-9474-1A3956D46DE8}") = "src", "src", "{B274A9F0-9116-47B7-8F43-B38F2A5AC10E}"
EndProject
Project("{2150E333-8FDC-42A3-9474-1A3956D46DE8}") = "apps", "apps", "{5BF25EF5-47EB-4C7F-B9F2-3D1F09011B1C}"
EndProject
Project("{2150E333-8FDC-42A3-9474-1A3956D46DE8}") = "services", "services", "{A67DC079-6F53-4561-81E6-772FA2E4BB2F}"
EndProject
Project("{2150E333-8FDC-42A3-9474-1A3956D46DE8}") = "shared", "shared", "{52ACAEEF-957C-4A01-9E19-5B270ADE9D9D}"
EndProject
Project("{2150E333-8FDC-42A3-9474-1A3956D46DE8}") = "tests", "tests", "{C2C93BED-9D83-4769-ACCC-503BF58B73BD}"
EndProject
Project("{2150E333-8FDC-42A3-9474-1A3956D46DE8}") = "workers", "workers", "{5F0686F1-31CF-4239-80EC-407DFFB539E8}"
EndProject
Project("{9A19103F-16F7-4668-BE54-9A1E7A4F7556}") = "AHSync.Worker", "src\workers\AHSync.Worker\AHSync.Worker.csproj", "{F7DB599B-C8E9-486C-AF8F-73790A5016FE}"
EndProject
Project("{9A19103F-16F7-4668-BE54-9A1E7A4F7556}") = "AHSync.Dashboard", "src\workers\AHSync.Dashboard\AHSync.Dashboard.csproj", "{6F5591DA-49BA-4170-B8DC-5E13EC6146EA}"
EndProject
Project("{9A19103F-16F7-4668-BE54-9A1E7A4F7556}") = "Infrastructure.Core", "src\shared\Infrastructure.Core\Infrastructure.Core.csproj", "{E4B14402-5EC8-4AA7-B8C4-FB59F21DF176}"
EndProject
Project("{2150E333-8FDC-42A3-9474-1A3956D46DE8}") = "deploy", "deploy", "{6644F9E8-4558-425A-AA88-4FCC582D6516}"
EndProject
Project("{2150E333-8FDC-42A3-9474-1A3956D46DE8}") = "sql", "sql", "{9617829F-71ED-4455-85B3-943E839E7D8D}"
	ProjectSection(SolutionItems) = preProject
		deploy\sql\V1__Auctions__Table.sql = deploy\sql\V1__Auctions__Table.sql
	EndProjectSection
EndProject
Project("{9A19103F-16F7-4668-BE54-9A1E7A4F7556}") = "AHSync.Worker.Shared", "src\shared\AHSync.Worker.Shared\AHSync.Worker.Shared.csproj", "{FDEA5868-A8B1-4CC0-8612-066C8C9B08D6}"
EndProject
Project("{9A19103F-16F7-4668-BE54-9A1E7A4F7556}") = "AHSync.Worker.Tests", "tests\AHSync.Worker.Tests\AHSync.Worker.Tests.csproj", "{DAB0E843-7412-4BE4-A261-B1C691A10AA2}"
EndProject
Project("{9A19103F-16F7-4668-BE54-9A1E7A4F7556}") = "Service.Admin", "src\services\Service.Admin\Service.Admin.csproj", "{54FEE2D3-4AF4-4F53-82CA-2343BB2243D5}"
EndProject
Project("{9A19103F-16F7-4668-BE54-9A1E7A4F7556}") = "Shared.Contracts", "src\shared\Shared.Contracts\Shared.Contracts.csproj", "{1FF03F95-CB35-451F-B0A9-5DBC113D61A7}"
EndProject
Project("{FAE04EC0-301F-11D3-BF4B-00C04F79EFBC}") = "Admin.App", "src\apps\Admin.App\Admin.App.csproj", "{472F9069-C7D0-4A8D-924E-13BE9E831FCD}"
EndProject
Global
	GlobalSection(SolutionConfigurationPlatforms) = preSolution
		Debug|Any CPU = Debug|Any CPU
		Debug|x64 = Debug|x64
		Debug|x86 = Debug|x86
		Release|Any CPU = Release|Any CPU
		Release|x64 = Release|x64
		Release|x86 = Release|x86
	EndGlobalSection
	GlobalSection(ProjectConfigurationPlatforms) = postSolution
		{F7DB599B-C8E9-486C-AF8F-73790A5016FE}.Debug|Any CPU.ActiveCfg = Debug|Any CPU
		{F7DB599B-C8E9-486C-AF8F-73790A5016FE}.Debug|Any CPU.Build.0 = Debug|Any CPU
		{F7DB599B-C8E9-486C-AF8F-73790A5016FE}.Debug|x64.ActiveCfg = Debug|Any CPU
		{F7DB599B-C8E9-486C-AF8F-73790A5016FE}.Debug|x64.Build.0 = Debug|Any CPU
		{F7DB599B-C8E9-486C-AF8F-73790A5016FE}.Debug|x86.ActiveCfg = Debug|Any CPU
		{F7DB599B-C8E9-486C-AF8F-73790A5016FE}.Debug|x86.Build.0 = Debug|Any CPU
		{F7DB599B-C8E9-486C-AF8F-73790A5016FE}.Release|Any CPU.ActiveCfg = Release|Any CPU
		{F7DB599B-C8E9-486C-AF8F-73790A5016FE}.Release|Any CPU.Build.0 = Release|Any CPU
		{F7DB599B-C8E9-486C-AF8F-73790A5016FE}.Release|x64.ActiveCfg = Release|Any CPU
		{F7DB599B-C8E9-486C-AF8F-73790A5016FE}.Release|x64.Build.0 = Release|Any CPU
		{F7DB599B-C8E9-486C-AF8F-73790A5016FE}.Release|x86.ActiveCfg = Release|Any CPU
		{F7DB599B-C8E9-486C-AF8F-73790A5016FE}.Release|x86.Build.0 = Release|Any CPU
		{6F5591DA-49BA-4170-B8DC-5E13EC6146EA}.Debug|Any CPU.ActiveCfg = Debug|Any CPU
		{6F5591DA-49BA-4170-B8DC-5E13EC6146EA}.Debug|Any CPU.Build.0 = Debug|Any CPU
		{6F5591DA-49BA-4170-B8DC-5E13EC6146EA}.Debug|x64.ActiveCfg = Debug|Any CPU
		{6F5591DA-49BA-4170-B8DC-5E13EC6146EA}.Debug|x64.Build.0 = Debug|Any CPU
		{6F5591DA-49BA-4170-B8DC-5E13EC6146EA}.Debug|x86.ActiveCfg = Debug|Any CPU
		{6F5591DA-49BA-4170-B8DC-5E13EC6146EA}.Debug|x86.Build.0 = Debug|Any CPU
		{6F5591DA-49BA-4170-B8DC-5E13EC6146EA}.Release|Any CPU.ActiveCfg = Release|Any CPU
		{6F5591DA-49BA-4170-B8DC-5E13EC6146EA}.Release|Any CPU.Build.0 = Release|Any CPU
		{6F5591DA-49BA-4170-B8DC-5E13EC6146EA}.Release|x64.ActiveCfg = Release|Any CPU
		{6F5591DA-49BA-4170-B8DC-5E13EC6146EA}.Release|x64.Build.0 = Release|Any CPU
		{6F5591DA-49BA-4170-B8DC-5E13EC6146EA}.Release|x86.ActiveCfg = Release|Any CPU
		{6F5591DA-49BA-4170-B8DC-5E13EC6146EA}.Release|x86.Build.0 = Release|Any CPU
		{E4B14402-5EC8-4AA7-B8C4-FB59F21DF176}.Debug|Any CPU.ActiveCfg = Debug|Any CPU
		{E4B14402-5EC8-4AA7-B8C4-FB59F21DF176}.Debug|Any CPU.Build.0 = Debug|Any CPU
		{E4B14402-5EC8-4AA7-B8C4-FB59F21DF176}.Debug|x64.ActiveCfg = Debug|Any CPU
		{E4B14402-5EC8-4AA7-B8C4-FB59F21DF176}.Debug|x64.Build.0 = Debug|Any CPU
		{E4B14402-5EC8-4AA7-B8C4-FB59F21DF176}.Debug|x86.ActiveCfg = Debug|Any CPU
		{E4B14402-5EC8-4AA7-B8C4-FB59F21DF176}.Debug|x86.Build.0 = Debug|Any CPU
		{E4B14402-5EC8-4AA7-B8C4-FB59F21DF176}.Release|Any CPU.ActiveCfg = Release|Any CPU
		{E4B14402-5EC8-4AA7-B8C4-FB59F21DF176}.Release|Any CPU.Build.0 = Release|Any CPU
		{E4B14402-5EC8-4AA7-B8C4-FB59F21DF176}.Release|x64.ActiveCfg = Release|Any CPU
		{E4B14402-5EC8-4AA7-B8C4-FB59F21DF176}.Release|x64.Build.0 = Release|Any CPU
		{E4B14402-5EC8-4AA7-B8C4-FB59F21DF176}.Release|x86.ActiveCfg = Release|Any CPU
		{E4B14402-5EC8-4AA7-B8C4-FB59F21DF176}.Release|x86.Build.0 = Release|Any CPU
		{FDEA5868-A8B1-4CC0-8612-066C8C9B08D6}.Debug|Any CPU.ActiveCfg = Debug|Any CPU
		{FDEA5868-A8B1-4CC0-8612-066C8C9B08D6}.Debug|Any CPU.Build.0 = Debug|Any CPU
		{FDEA5868-A8B1-4CC0-8612-066C8C9B08D6}.Debug|x64.ActiveCfg = Debug|Any CPU
		{FDEA5868-A8B1-4CC0-8612-066C8C9B08D6}.Debug|x64.Build.0 = Debug|Any CPU
		{FDEA5868-A8B1-4CC0-8612-066C8C9B08D6}.Debug|x86.ActiveCfg = Debug|Any CPU
		{FDEA5868-A8B1-4CC0-8612-066C8C9B08D6}.Debug|x86.Build.0 = Debug|Any CPU
		{FDEA5868-A8B1-4CC0-8612-066C8C9B08D6}.Release|Any CPU.ActiveCfg = Release|Any CPU
		{FDEA5868-A8B1-4CC0-8612-066C8C9B08D6}.Release|Any CPU.Build.0 = Release|Any CPU
		{FDEA5868-A8B1-4CC0-8612-066C8C9B08D6}.Release|x64.ActiveCfg = Release|Any CPU
		{FDEA5868-A8B1-4CC0-8612-066C8C9B08D6}.Release|x64.Build.0 = Release|Any CPU
		{FDEA5868-A8B1-4CC0-8612-066C8C9B08D6}.Release|x86.ActiveCfg = Release|Any CPU
		{FDEA5868-A8B1-4CC0-8612-066C8C9B08D6}.Release|x86.Build.0 = Release|Any CPU
		{DAB0E843-7412-4BE4-A261-B1C691A10AA2}.Debug|Any CPU.ActiveCfg = Debug|Any CPU
		{DAB0E843-7412-4BE4-A261-B1C691A10AA2}.Debug|Any CPU.Build.0 = Debug|Any CPU
		{DAB0E843-7412-4BE4-A261-B1C691A10AA2}.Debug|x64.ActiveCfg = Debug|Any CPU
		{DAB0E843-7412-4BE4-A261-B1C691A10AA2}.Debug|x64.Build.0 = Debug|Any CPU
		{DAB0E843-7412-4BE4-A261-B1C691A10AA2}.Debug|x86.ActiveCfg = Debug|Any CPU
		{DAB0E843-7412-4BE4-A261-B1C691A10AA2}.Debug|x86.Build.0 = Debug|Any CPU
		{DAB0E843-7412-4BE4-A261-B1C691A10AA2}.Release|Any CPU.ActiveCfg = Release|Any CPU
		{DAB0E843-7412-4BE4-A261-B1C691A10AA2}.Release|Any CPU.Build.0 = Release|Any CPU
		{DAB0E843-7412-4BE4-A261-B1C691A10AA2}.Release|x64.ActiveCfg = Release|Any CPU
		{DAB0E843-7412-4BE4-A261-B1C691A10AA2}.Release|x64.Build.0 = Release|Any CPU
		{DAB0E843-7412-4BE4-A261-B1C691A10AA2}.Release|x86.ActiveCfg = Release|Any CPU
		{DAB0E843-7412-4BE4-A261-B1C691A10AA2}.Release|x86.Build.0 = Release|Any CPU
		{54FEE2D3-4AF4-4F53-82CA-2343BB2243D5}.Debug|Any CPU.ActiveCfg = Debug|Any CPU
		{54FEE2D3-4AF4-4F53-82CA-2343BB2243D5}.Debug|Any CPU.Build.0 = Debug|Any CPU
		{54FEE2D3-4AF4-4F53-82CA-2343BB2243D5}.Debug|x64.ActiveCfg = Debug|Any CPU
		{54FEE2D3-4AF4-4F53-82CA-2343BB2243D5}.Debug|x64.Build.0 = Debug|Any CPU
		{54FEE2D3-4AF4-4F53-82CA-2343BB2243D5}.Debug|x86.ActiveCfg = Debug|Any CPU
		{54FEE2D3-4AF4-4F53-82CA-2343BB2243D5}.Debug|x86.Build.0 = Debug|Any CPU
		{54FEE2D3-4AF4-4F53-82CA-2343BB2243D5}.Release|Any CPU.ActiveCfg = Release|Any CPU
		{54FEE2D3-4AF4-4F53-82CA-2343BB2243D5}.Release|Any CPU.Build.0 = Release|Any CPU
		{54FEE2D3-4AF4-4F53-82CA-2343BB2243D5}.Release|x64.ActiveCfg = Release|Any CPU
		{54FEE2D3-4AF4-4F53-82CA-2343BB2243D5}.Release|x64.Build.0 = Release|Any CPU
		{54FEE2D3-4AF4-4F53-82CA-2343BB2243D5}.Release|x86.ActiveCfg = Release|Any CPU
		{54FEE2D3-4AF4-4F53-82CA-2343BB2243D5}.Release|x86.Build.0 = Release|Any CPU
		{1FF03F95-CB35-451F-B0A9-5DBC113D61A7}.Debug|Any CPU.ActiveCfg = Debug|Any CPU
		{1FF03F95-CB35-451F-B0A9-5DBC113D61A7}.Debug|Any CPU.Build.0 = Debug|Any CPU
		{1FF03F95-CB35-451F-B0A9-5DBC113D61A7}.Debug|x64.ActiveCfg = Debug|Any CPU
		{1FF03F95-CB35-451F-B0A9-5DBC113D61A7}.Debug|x64.Build.0 = Debug|Any CPU
		{1FF03F95-CB35-451F-B0A9-5DBC113D61A7}.Debug|x86.ActiveCfg = Debug|Any CPU
		{1FF03F95-CB35-451F-B0A9-5DBC113D61A7}.Debug|x86.Build.0 = Debug|Any CPU
		{1FF03F95-CB35-451F-B0A9-5DBC113D61A7}.Release|Any CPU.ActiveCfg = Release|Any CPU
		{1FF03F95-CB35-451F-B0A9-5DBC113D61A7}.Release|Any CPU.Build.0 = Release|Any CPU
		{1FF03F95-CB35-451F-B0A9-5DBC113D61A7}.Release|x64.ActiveCfg = Release|Any CPU
		{1FF03F95-CB35-451F-B0A9-5DBC113D61A7}.Release|x64.Build.0 = Release|Any CPU
		{1FF03F95-CB35-451F-B0A9-5DBC113D61A7}.Release|x86.ActiveCfg = Release|Any CPU
		{1FF03F95-CB35-451F-B0A9-5DBC113D61A7}.Release|x86.Build.0 = Release|Any CPU
		{472F9069-C7D0-4A8D-924E-13BE9E831FCD}.Debug|Any CPU.ActiveCfg = Debug|Any CPU
		{472F9069-C7D0-4A8D-924E-13BE9E831FCD}.Debug|Any CPU.Build.0 = Debug|Any CPU
		{472F9069-C7D0-4A8D-924E-13BE9E831FCD}.Debug|x64.ActiveCfg = Debug|Any CPU
		{472F9069-C7D0-4A8D-924E-13BE9E831FCD}.Debug|x64.Build.0 = Debug|Any CPU
		{472F9069-C7D0-4A8D-924E-13BE9E831FCD}.Debug|x86.ActiveCfg = Debug|Any CPU
		{472F9069-C7D0-4A8D-924E-13BE9E831FCD}.Debug|x86.Build.0 = Debug|Any CPU
		{472F9069-C7D0-4A8D-924E-13BE9E831FCD}.Release|Any CPU.ActiveCfg = Release|Any CPU
		{472F9069-C7D0-4A8D-924E-13BE9E831FCD}.Release|Any CPU.Build.0 = Release|Any CPU
		{472F9069-C7D0-4A8D-924E-13BE9E831FCD}.Release|x64.ActiveCfg = Release|Any CPU
		{472F9069-C7D0-4A8D-924E-13BE9E831FCD}.Release|x64.Build.0 = Release|Any CPU
		{472F9069-C7D0-4A8D-924E-13BE9E831FCD}.Release|x86.ActiveCfg = Release|Any CPU
		{472F9069-C7D0-4A8D-924E-13BE9E831FCD}.Release|x86.Build.0 = Release|Any CPU
	EndGlobalSection
	GlobalSection(SolutionProperties) = preSolution
		HideSolutionNode = FALSE
	EndGlobalSection
	GlobalSection(NestedProjects) = preSolution
		{5BF25EF5-47EB-4C7F-B9F2-3D1F09011B1C} = {B274A9F0-9116-47B7-8F43-B38F2A5AC10E}
		{A67DC079-6F53-4561-81E6-772FA2E4BB2F} = {B274A9F0-9116-47B7-8F43-B38F2A5AC10E}
		{52ACAEEF-957C-4A01-9E19-5B270ADE9D9D} = {B274A9F0-9116-47B7-8F43-B38F2A5AC10E}
		{5F0686F1-31CF-4239-80EC-407DFFB539E8} = {B274A9F0-9116-47B7-8F43-B38F2A5AC10E}
		{F7DB599B-C8E9-486C-AF8F-73790A5016FE} = {5F0686F1-31CF-4239-80EC-407DFFB539E8}
		{6F5591DA-49BA-4170-B8DC-5E13EC6146EA} = {5F0686F1-31CF-4239-80EC-407DFFB539E8}
		{E4B14402-5EC8-4AA7-B8C4-FB59F21DF176} = {52ACAEEF-957C-4A01-9E19-5B270ADE9D9D}
		{9617829F-71ED-4455-85B3-943E839E7D8D} = {6644F9E8-4558-425A-AA88-4FCC582D6516}
		{FDEA5868-A8B1-4CC0-8612-066C8C9B08D6} = {5F0686F1-31CF-4239-80EC-407DFFB539E8}
		{DAB0E843-7412-4BE4-A261-B1C691A10AA2} = {C2C93BED-9D83-4769-ACCC-503BF58B73BD}
		{54FEE2D3-4AF4-4F53-82CA-2343BB2243D5} = {A67DC079-6F53-4561-81E6-772FA2E4BB2F}
		{1FF03F95-CB35-451F-B0A9-5DBC113D61A7} = {52ACAEEF-957C-4A01-9E19-5B270ADE9D9D}
		{472F9069-C7D0-4A8D-924E-13BE9E831FCD} = {5BF25EF5-47EB-4C7F-B9F2-3D1F09011B1C}
	EndGlobalSection
	GlobalSection(ExtensibilityGlobals) = postSolution
		SolutionGuid = {E4AE7D19-4F37-411B-A66E-D9AD55962F91}
	EndGlobalSection
EndGlobal
